
Microsoft Visual Studio Solution File, Format Version 12.00
# Visual Studio Version 16
VisualStudioVersion = 16.0.31911.196
MinimumVisualStudioVersion = 10.0.40219.1
Project("{FAE04EC0-301F-11D3-BF4B-00C04F79EFBC}") = "CMDProjectApplication", "CMDProjectApplication\CMDProjectApplication.csproj", "{ED37DE7B-FD86-4014-A8DD-2A2098ECB750}"
EndProject
Project("{2150E333-8FDC-42A3-9474-1A3956D46DE8}") = "CMD.Business", "CMD.Business", "{63E42079-339D-4706-8F0F-B8737B21290B}"
EndProject
Project("{2150E333-8FDC-42A3-9474-1A3956D46DE8}") = "CMD.DataAccess", "CMD.DataAccess", "{6993D86A-8978-478D-896B-016079760E72}"
EndProject
Project("{2150E333-8FDC-42A3-9474-1A3956D46DE8}") = "CMD.Entities", "CMD.Entities", "{6EF424A5-545E-4E03-AAB2-8B233B7DEA76}"
EndProject
Project("{2150E333-8FDC-42A3-9474-1A3956D46DE8}") = "CMD.WebApi", "CMD.WebApi", "{8FBD82BD-D79B-4C2A-BFB3-5CD369A1F620}"
EndProject
Project("{2150E333-8FDC-42A3-9474-1A3956D46DE8}") = "CMD.Exceptions", "CMD.Exceptions", "{758C707A-D51F-4D29-A652-FAE0CB6E3206}"
EndProject
Project("{2150E333-8FDC-42A3-9474-1A3956D46DE8}") = "CMD.UnitTesting", "CMD.UnitTesting", "{4EB3F0F7-2303-4980-98A0-1162A2BA42C7}"
EndProject
Project("{FAE04EC0-301F-11D3-BF4B-00C04F79EFBC}") = "CMD.Business", "CMD.Business\CMD.Business.csproj", "{76C11CE0-45D2-4533-9175-EB74CD80D159}"
EndProject
Project("{FAE04EC0-301F-11D3-BF4B-00C04F79EFBC}") = "CMD.DataAccess", "CMD.DataAccess\CMD.DataAccess.csproj", "{01C71931-6C2A-4C43-964F-1AEBAD16C387}"
EndProject
Project("{FAE04EC0-301F-11D3-BF4B-00C04F79EFBC}") = "CMD.Entities", "CMD.Entities\CMD.Entities.csproj", "{634F8B11-2179-4A24-87D1-4C2FDA56EA07}"
EndProject
Project("{FAE04EC0-301F-11D3-BF4B-00C04F79EFBC}") = "CMD.Exceptions", "CMD.Exceptions\CMD.Exceptions.csproj", "{3941813D-3C55-484A-B1ED-AD392A11637E}"
EndProject
Project("{FAE04EC0-301F-11D3-BF4B-00C04F79EFBC}") = "CMD.UnitTesting", "CMD.UnitTesting\CMD.UnitTesting.csproj", "{7EAD5EC8-85AA-483C-A62F-9FC37C2D5499}"
EndProject
Project("{FAE04EC0-301F-11D3-BF4B-00C04F79EFBC}") = "CMD.WebApi", "CMD.WebApi\CMD.WebApi.csproj", "{BEE2684C-51CA-4D60-B447-8F48B504A22B}"
EndProject
Global
	GlobalSection(SolutionConfigurationPlatforms) = preSolution
		Debug|Any CPU = Debug|Any CPU
		Release|Any CPU = Release|Any CPU
	EndGlobalSection
	GlobalSection(ProjectConfigurationPlatforms) = postSolution
		{ED37DE7B-FD86-4014-A8DD-2A2098ECB750}.Debug|Any CPU.ActiveCfg = Debug|Any CPU
		{ED37DE7B-FD86-4014-A8DD-2A2098ECB750}.Debug|Any CPU.Build.0 = Debug|Any CPU
		{ED37DE7B-FD86-4014-A8DD-2A2098ECB750}.Release|Any CPU.ActiveCfg = Release|Any CPU
		{ED37DE7B-FD86-4014-A8DD-2A2098ECB750}.Release|Any CPU.Build.0 = Release|Any CPU
		{76C11CE0-45D2-4533-9175-EB74CD80D159}.Debug|Any CPU.ActiveCfg = Debug|Any CPU
		{76C11CE0-45D2-4533-9175-EB74CD80D159}.Debug|Any CPU.Build.0 = Debug|Any CPU
		{76C11CE0-45D2-4533-9175-EB74CD80D159}.Release|Any CPU.ActiveCfg = Release|Any CPU
		{76C11CE0-45D2-4533-9175-EB74CD80D159}.Release|Any CPU.Build.0 = Release|Any CPU
		{01C71931-6C2A-4C43-964F-1AEBAD16C387}.Debug|Any CPU.ActiveCfg = Debug|Any CPU
		{01C71931-6C2A-4C43-964F-1AEBAD16C387}.Debug|Any CPU.Build.0 = Debug|Any CPU
		{01C71931-6C2A-4C43-964F-1AEBAD16C387}.Release|Any CPU.ActiveCfg = Release|Any CPU
		{01C71931-6C2A-4C43-964F-1AEBAD16C387}.Release|Any CPU.Build.0 = Release|Any CPU
		{634F8B11-2179-4A24-87D1-4C2FDA56EA07}.Debug|Any CPU.ActiveCfg = Debug|Any CPU
		{634F8B11-2179-4A24-87D1-4C2FDA56EA07}.Debug|Any CPU.Build.0 = Debug|Any CPU
		{634F8B11-2179-4A24-87D1-4C2FDA56EA07}.Release|Any CPU.ActiveCfg = Release|Any CPU
		{634F8B11-2179-4A24-87D1-4C2FDA56EA07}.Release|Any CPU.Build.0 = Release|Any CPU
		{3941813D-3C55-484A-B1ED-AD392A11637E}.Debug|Any CPU.ActiveCfg = Debug|Any CPU
		{3941813D-3C55-484A-B1ED-AD392A11637E}.Debug|Any CPU.Build.0 = Debug|Any CPU
		{3941813D-3C55-484A-B1ED-AD392A11637E}.Release|Any CPU.ActiveCfg = Release|Any CPU
		{3941813D-3C55-484A-B1ED-AD392A11637E}.Release|Any CPU.Build.0 = Release|Any CPU
		{7EAD5EC8-85AA-483C-A62F-9FC37C2D5499}.Debug|Any CPU.ActiveCfg = Debug|Any CPU
		{7EAD5EC8-85AA-483C-A62F-9FC37C2D5499}.Debug|Any CPU.Build.0 = Debug|Any CPU
		{7EAD5EC8-85AA-483C-A62F-9FC37C2D5499}.Release|Any CPU.ActiveCfg = Release|Any CPU
		{7EAD5EC8-85AA-483C-A62F-9FC37C2D5499}.Release|Any CPU.Build.0 = Release|Any CPU
		{BEE2684C-51CA-4D60-B447-8F48B504A22B}.Debug|Any CPU.ActiveCfg = Debug|Any CPU
		{BEE2684C-51CA-4D60-B447-8F48B504A22B}.Debug|Any CPU.Build.0 = Debug|Any CPU
		{BEE2684C-51CA-4D60-B447-8F48B504A22B}.Release|Any CPU.ActiveCfg = Release|Any CPU
		{BEE2684C-51CA-4D60-B447-8F48B504A22B}.Release|Any CPU.Build.0 = Release|Any CPU
	EndGlobalSection
	GlobalSection(SolutionProperties) = preSolution
		HideSolutionNode = FALSE
	EndGlobalSection
	GlobalSection(NestedProjects) = preSolution
		{76C11CE0-45D2-4533-9175-EB74CD80D159} = {63E42079-339D-4706-8F0F-B8737B21290B}
		{01C71931-6C2A-4C43-964F-1AEBAD16C387} = {6993D86A-8978-478D-896B-016079760E72}
		{634F8B11-2179-4A24-87D1-4C2FDA56EA07} = {6EF424A5-545E-4E03-AAB2-8B233B7DEA76}
		{3941813D-3C55-484A-B1ED-AD392A11637E} = {758C707A-D51F-4D29-A652-FAE0CB6E3206}
		{7EAD5EC8-85AA-483C-A62F-9FC37C2D5499} = {4EB3F0F7-2303-4980-98A0-1162A2BA42C7}
		{BEE2684C-51CA-4D60-B447-8F48B504A22B} = {8FBD82BD-D79B-4C2A-BFB3-5CD369A1F620}
	EndGlobalSection
	GlobalSection(ExtensibilityGlobals) = postSolution
		SolutionGuid = {216F0F28-8255-4EC9-B9AC-091EA0D6B4EB}
	EndGlobalSection
EndGlobal
